// !$*UTF8*$!
{
	archiveVersion = 1;
	classes = {
	};
	objectVersion = 50;
	objects = {

/* Begin PBXBuildFile section */
		633A952125C6C1AF0041855D /* APIManager.swift in Sources */ = {isa = PBXBuildFile; fileRef = 633A952025C6C1AF0041855D /* APIManager.swift */; };
		633A952525C6CC3D0041855D /* ErrorManager.swift in Sources */ = {isa = PBXBuildFile; fileRef = 633A952425C6CC3D0041855D /* ErrorManager.swift */; };
		633A952825C6CD8D0041855D /* APIStocksManager.swift in Sources */ = {isa = PBXBuildFile; fileRef = 633A952725C6CD8D0041855D /* APIStocksManager.swift */; };
		633A952F25C6D9E00041855D /* StocksModel.swift in Sources */ = {isa = PBXBuildFile; fileRef = 633A952E25C6D9E00041855D /* StocksModel.swift */; };
		63C0F65C25C6101900AECC1B /* AppDelegate.swift in Sources */ = {isa = PBXBuildFile; fileRef = 63C0F65B25C6101900AECC1B /* AppDelegate.swift */; };
		63C0F65E25C6101900AECC1B /* SceneDelegate.swift in Sources */ = {isa = PBXBuildFile; fileRef = 63C0F65D25C6101900AECC1B /* SceneDelegate.swift */; };
		63C0F66025C6101900AECC1B /* ViewController.swift in Sources */ = {isa = PBXBuildFile; fileRef = 63C0F65F25C6101900AECC1B /* ViewController.swift */; };
		63C0F66325C6101900AECC1B /* Main.storyboard in Resources */ = {isa = PBXBuildFile; fileRef = 63C0F66125C6101900AECC1B /* Main.storyboard */; };
		63C0F66525C6101A00AECC1B /* Assets.xcassets in Resources */ = {isa = PBXBuildFile; fileRef = 63C0F66425C6101A00AECC1B /* Assets.xcassets */; };
		63C0F66825C6101A00AECC1B /* LaunchScreen.storyboard in Resources */ = {isa = PBXBuildFile; fileRef = 63C0F66625C6101A00AECC1B /* LaunchScreen.storyboard */; };
/* End PBXBuildFile section */

/* Begin PBXFileReference section */
		633A952025C6C1AF0041855D /* APIManager.swift */ = {isa = PBXFileReference; lastKnownFileType = sourcecode.swift; path = APIManager.swift; sourceTree = "<group>"; };
		633A952425C6CC3D0041855D /* ErrorManager.swift */ = {isa = PBXFileReference; lastKnownFileType = sourcecode.swift; path = ErrorManager.swift; sourceTree = "<group>"; };
		633A952725C6CD8D0041855D /* APIStocksManager.swift */ = {isa = PBXFileReference; lastKnownFileType = sourcecode.swift; path = APIStocksManager.swift; sourceTree = "<group>"; };
		633A952E25C6D9E00041855D /* StocksModel.swift */ = {isa = PBXFileReference; lastKnownFileType = sourcecode.swift; path = StocksModel.swift; sourceTree = "<group>"; };
		63C0F65825C6101900AECC1B /* Stocks.app */ = {isa = PBXFileReference; explicitFileType = wrapper.application; includeInIndex = 0; path = Stocks.app; sourceTree = BUILT_PRODUCTS_DIR; };
		63C0F65B25C6101900AECC1B /* AppDelegate.swift */ = {isa = PBXFileReference; lastKnownFileType = sourcecode.swift; path = AppDelegate.swift; sourceTree = "<group>"; };
		63C0F65D25C6101900AECC1B /* SceneDelegate.swift */ = {isa = PBXFileReference; lastKnownFileType = sourcecode.swift; path = SceneDelegate.swift; sourceTree = "<group>"; };
		63C0F65F25C6101900AECC1B /* ViewController.swift */ = {isa = PBXFileReference; lastKnownFileType = sourcecode.swift; path = ViewController.swift; sourceTree = "<group>"; };
		63C0F66225C6101900AECC1B /* Base */ = {isa = PBXFileReference; lastKnownFileType = file.storyboard; name = Base; path = Base.lproj/Main.storyboard; sourceTree = "<group>"; };
		63C0F66425C6101A00AECC1B /* Assets.xcassets */ = {isa = PBXFileReference; lastKnownFileType = folder.assetcatalog; path = Assets.xcassets; sourceTree = "<group>"; };
		63C0F66725C6101A00AECC1B /* Base */ = {isa = PBXFileReference; lastKnownFileType = file.storyboard; name = Base; path = Base.lproj/LaunchScreen.storyboard; sourceTree = "<group>"; };
		63C0F66925C6101A00AECC1B /* Info.plist */ = {isa = PBXFileReference; lastKnownFileType = text.plist.xml; path = Info.plist; sourceTree = "<group>"; };
/* End PBXFileReference section */

/* Begin PBXFrameworksBuildPhase section */
		63C0F65525C6101900AECC1B /* Frameworks */ = {
			isa = PBXFrameworksBuildPhase;
			buildActionMask = 2147483647;
			files = (
			);
			runOnlyForDeploymentPostprocessing = 0;
		};
/* End PBXFrameworksBuildPhase section */

/* Begin PBXGroup section */
		633A952B25C6D9B80041855D /* APIWorking */ = {
			isa = PBXGroup;
			children = (
				633A952425C6CC3D0041855D /* ErrorManager.swift */,
				633A952025C6C1AF0041855D /* APIManager.swift */,
				633A952725C6CD8D0041855D /* APIStocksManager.swift */,
			);
			path = APIWorking;
			sourceTree = "<group>";
		};
		63C0F64F25C6101900AECC1B = {
			isa = PBXGroup;
			children = (
				63C0F65A25C6101900AECC1B /* Stocks */,
				63C0F65925C6101900AECC1B /* Products */,
			);
			sourceTree = "<group>";
		};
		63C0F65925C6101900AECC1B /* Products */ = {
			isa = PBXGroup;
			children = (
				63C0F65825C6101900AECC1B /* Stocks.app */,
			);
			name = Products;
			sourceTree = "<group>";
		};
		63C0F65A25C6101900AECC1B /* Stocks */ = {
			isa = PBXGroup;
			children = (
				63C0F65B25C6101900AECC1B /* AppDelegate.swift */,
				63C0F65D25C6101900AECC1B /* SceneDelegate.swift */,
				63C0F65F25C6101900AECC1B /* ViewController.swift */,
				633A952E25C6D9E00041855D /* StocksModel.swift */,
				633A952B25C6D9B80041855D /* APIWorking */,
				63C0F66125C6101900AECC1B /* Main.storyboard */,
				63C0F66425C6101A00AECC1B /* Assets.xcassets */,
				63C0F66625C6101A00AECC1B /* LaunchScreen.storyboard */,
				63C0F66925C6101A00AECC1B /* Info.plist */,
			);
			path = Stocks;
			sourceTree = "<group>";
		};
/* End PBXGroup section */

/* Begin PBXNativeTarget section */
		63C0F65725C6101900AECC1B /* Stocks */ = {
			isa = PBXNativeTarget;
			buildConfigurationList = 63C0F66C25C6101A00AECC1B /* Build configuration list for PBXNativeTarget "Stocks" */;
			buildPhases = (
				63C0F65425C6101900AECC1B /* Sources */,
				63C0F65525C6101900AECC1B /* Frameworks */,
				63C0F65625C6101900AECC1B /* Resources */,
			);
			buildRules = (
			);
			dependencies = (
			);
			name = Stocks;
			productName = Stocks;
			productReference = 63C0F65825C6101900AECC1B /* Stocks.app */;
			productType = "com.apple.product-type.application";
		};
/* End PBXNativeTarget section */

/* Begin PBXProject section */
		63C0F65025C6101900AECC1B /* Project object */ = {
			isa = PBXProject;
			attributes = {
				LastSwiftUpdateCheck = 1220;
				LastUpgradeCheck = 1220;
				TargetAttributes = {
					63C0F65725C6101900AECC1B = {
						CreatedOnToolsVersion = 12.2;
					};
				};
			};
			buildConfigurationList = 63C0F65325C6101900AECC1B /* Build configuration list for PBXProject "Stocks" */;
			compatibilityVersion = "Xcode 9.3";
			developmentRegion = en;
			hasScannedForEncodings = 0;
			knownRegions = (
				en,
				Base,
			);
			mainGroup = 63C0F64F25C6101900AECC1B;
			productRefGroup = 63C0F65925C6101900AECC1B /* Products */;
			projectDirPath = "";
			projectRoot = "";
			targets = (
				63C0F65725C6101900AECC1B /* Stocks */,
			);
		};
/* End PBXProject section */

/* Begin PBXResourcesBuildPhase section */
		63C0F65625C6101900AECC1B /* Resources */ = {
			isa = PBXResourcesBuildPhase;
			buildActionMask = 2147483647;
			files = (
				63C0F66825C6101A00AECC1B /* LaunchScreen.storyboard in Resources */,
				63C0F66525C6101A00AECC1B /* Assets.xcassets in Resources */,
				63C0F66325C6101900AECC1B /* Main.storyboard in Resources */,
			);
			runOnlyForDeploymentPostprocessing = 0;
		};
/* End PBXResourcesBuildPhase section */

/* Begin PBXSourcesBuildPhase section */
		63C0F65425C6101900AECC1B /* Sources */ = {
			isa = PBXSourcesBuildPhase;
			buildActionMask = 2147483647;
			files = (
				633A952125C6C1AF0041855D /* APIManager.swift in Sources */,
				63C0F66025C6101900AECC1B /* ViewController.swift in Sources */,
				63C0F65C25C6101900AECC1B /* AppDelegate.swift in Sources */,
				633A952F25C6D9E00041855D /* StocksModel.swift in Sources */,
				633A952825C6CD8D0041855D /* APIStocksManager.swift in Sources */,
				63C0F65E25C6101900AECC1B /* SceneDelegate.swift in Sources */,
				633A952525C6CC3D0041855D /* ErrorManager.swift in Sources */,
			);
			runOnlyForDeploymentPostprocessing = 0;
		};
/* End PBXSourcesBuildPhase section */

/* Begin PBXVariantGroup section */
		63C0F66125C6101900AECC1B /* Main.storyboard */ = {
			isa = PBXVariantGroup;
			children = (
				63C0F66225C6101900AECC1B /* Base */,
			);
			name = Main.storyboard;
			sourceTree = "<group>";
		};
		63C0F66625C6101A00AECC1B /* LaunchScreen.storyboard */ = {
			isa = PBXVariantGroup;
			children = (
				63C0F66725C6101A00AECC1B /* Base */,
			);
			name = LaunchScreen.storyboard;
			sourceTree = "<group>";
		};
/* End PBXVariantGroup section */

/* Begin XCBuildConfiguration section */
		63C0F66A25C6101A00AECC1B /* Debug */ = {
			isa = XCBuildConfiguration;
			buildSettings = {
				ALWAYS_SEARCH_USER_PATHS = NO;
				CLANG_ANALYZER_NONNULL = YES;
				CLANG_ANALYZER_NUMBER_OBJECT_CONVERSION = YES_AGGRESSIVE;
				CLANG_CXX_LANGUAGE_STANDARD = "gnu++14";
				CLANG_CXX_LIBRARY = "libc++";
				CLANG_ENABLE_MODULES = YES;
				CLANG_ENABLE_OBJC_ARC = YES;
				CLANG_ENABLE_OBJC_WEAK = YES;
				CLANG_WARN_BLOCK_CAPTURE_AUTORELEASING = YES;
				CLANG_WARN_BOOL_CONVERSION = YES;
				CLANG_WARN_COMMA = YES;
				CLANG_WARN_CONSTANT_CONVERSION = YES;
				CLANG_WARN_DEPRECATED_OBJC_IMPLEMENTATIONS = YES;
				CLANG_WARN_DIRECT_OBJC_ISA_USAGE = YES_ERROR;
				CLANG_WARN_DOCUMENTATION_COMMENTS = YES;
				CLANG_WARN_EMPTY_BODY = YES;
				CLANG_WARN_ENUM_CONVERSION = YES;
				CLANG_WARN_INFINITE_RECURSION = YES;
				CLANG_WARN_INT_CONVERSION = YES;
				CLANG_WARN_NON_LITERAL_NULL_CONVERSION = YES;
				CLANG_WARN_OBJC_IMPLICIT_RETAIN_SELF = YES;
				CLANG_WARN_OBJC_LITERAL_CONVERSION = YES;
				CLANG_WARN_OBJC_ROOT_CLASS = YES_ERROR;
				CLANG_WARN_QUOTED_INCLUDE_IN_FRAMEWORK_HEADER = YES;
				CLANG_WARN_RANGE_LOOP_ANALYSIS = YES;
				CLANG_WARN_STRICT_PROTOTYPES = YES;
				CLANG_WARN_SUSPICIOUS_MOVE = YES;
				CLANG_WARN_UNGUARDED_AVAILABILITY = YES_AGGRESSIVE;
				CLANG_WARN_UNREACHABLE_CODE = YES;
				CLANG_WARN__DUPLICATE_METHOD_MATCH = YES;
				COPY_PHASE_STRIP = NO;
				DEBUG_INFORMATION_FORMAT = dwarf;
				ENABLE_STRICT_OBJC_MSGSEND = YES;
				ENABLE_TESTABILITY = YES;
				GCC_C_LANGUAGE_STANDARD = gnu11;
				GCC_DYNAMIC_NO_PIC = NO;
				GCC_NO_COMMON_BLOCKS = YES;
				GCC_OPTIMIZATION_LEVEL = 0;
				GCC_PREPROCESSOR_DEFINITIONS = (
					"DEBUG=1",
					"$(inherited)",
				);
				GCC_WARN_64_TO_32_BIT_CONVERSION = YES;
				GCC_WARN_ABOUT_RETURN_TYPE = YES_ERROR;
				GCC_WARN_UNDECLARED_SELECTOR = YES;
				GCC_WARN_UNINITIALIZED_AUTOS = YES_AGGRESSIVE;
				GCC_WARN_UNUSED_FUNCTION = YES;
				GCC_WARN_UNUSED_VARIABLE = YES;
				IPHONEOS_DEPLOYMENT_TARGET = 14.2;
				MTL_ENABLE_DEBUG_INFO = INCLUDE_SOURCE;
				MTL_FAST_MATH = YES;
				ONLY_ACTIVE_ARCH = YES;
				SDKROOT = iphoneos;
				SWIFT_ACTIVE_COMPILATION_CONDITIONS = DEBUG;
				SWIFT_OPTIMIZATION_LEVEL = "-Onone";
			};
			name = Debug;
		};
		63C0F66B25C6101A00AECC1B /* Release */ = {
			isa = XCBuildConfiguration;
			buildSettings = {
				ALWAYS_SEARCH_USER_PATHS = NO;
				CLANG_ANALYZER_NONNULL = YES;
				CLANG_ANALYZER_NUMBER_OBJECT_CONVERSION = YES_AGGRESSIVE;
				CLANG_CXX_LANGUAGE_STANDARD = "gnu++14";
				CLANG_CXX_LIBRARY = "libc++";
				CLANG_ENABLE_MODULES = YES;
				CLANG_ENABLE_OBJC_ARC = YES;
				CLANG_ENABLE_OBJC_WEAK = YES;
				CLANG_WARN_BLOCK_CAPTURE_AUTORELEASING = YES;
				CLANG_WARN_BOOL_CONVERSION = YES;
				CLANG_WARN_COMMA = YES;
				CLANG_WARN_CONSTANT_CONVERSION = YES;
				CLANG_WARN_DEPRECATED_OBJC_IMPLEMENTATIONS = YES;
				CLANG_WARN_DIRECT_OBJC_ISA_USAGE = YES_ERROR;
				CLANG_WARN_DOCUMENTATION_COMMENTS = YES;
				CLANG_WARN_EMPTY_BODY = YES;
				CLANG_WARN_ENUM_CONVERSION = YES;
				CLANG_WARN_INFINITE_RECURSION = YES;
				CLANG_WARN_INT_CONVERSION = YES;
				CLANG_WARN_NON_LITERAL_NULL_CONVERSION = YES;
				CLANG_WARN_OBJC_IMPLICIT_RETAIN_SELF = YES;
				CLANG_WARN_OBJC_LITERAL_CONVERSION = YES;
				CLANG_WARN_OBJC_ROOT_CLASS = YES_ERROR;
				CLANG_WARN_QUOTED_INCLUDE_IN_FRAMEWORK_HEADER = YES;
				CLANG_WARN_RANGE_LOOP_ANALYSIS = YES;
				CLANG_WARN_STRICT_PROTOTYPES = YES;
				CLANG_WARN_SUSPICIOUS_MOVE = YES;
				CLANG_WARN_UNGUARDED_AVAILABILITY = YES_AGGRESSIVE;
				CLANG_WARN_UNREACHABLE_CODE = YES;
				CLANG_WARN__DUPLICATE_METHOD_MATCH = YES;
				COPY_PHASE_STRIP = NO;
				DEBUG_INFORMATION_FORMAT = "dwarf-with-dsym";
				ENABLE_NS_ASSERTIONS = NO;
				ENABLE_STRICT_OBJC_MSGSEND = YES;
				GCC_C_LANGUAGE_STANDARD = gnu11;
				GCC_NO_COMMON_BLOCKS = YES;
				GCC_WARN_64_TO_32_BIT_CONVERSION = YES;
				GCC_WARN_ABOUT_RETURN_TYPE = YES_ERROR;
				GCC_WARN_UNDECLARED_SELECTOR = YES;
				GCC_WARN_UNINITIALIZED_AUTOS = YES_AGGRESSIVE;
				GCC_WARN_UNUSED_FUNCTION = YES;
				GCC_WARN_UNUSED_VARIABLE = YES;
				IPHONEOS_DEPLOYMENT_TARGET = 14.2;
				MTL_ENABLE_DEBUG_INFO = NO;
				MTL_FAST_MATH = YES;
				SDKROOT = iphoneos;
				SWIFT_COMPILATION_MODE = wholemodule;
				SWIFT_OPTIMIZATION_LEVEL = "-O";
				VALIDATE_PRODUCT = YES;
			};
			name = Release;
		};
		63C0F66D25C6101A00AECC1B /* Debug */ = {
			isa = XCBuildConfiguration;
			buildSettings = {
				ASSETCATALOG_COMPILER_APPICON_NAME = AppIcon;
				ASSETCATALOG_COMPILER_GLOBAL_ACCENT_COLOR_NAME = AccentColor;
				CODE_SIGN_STYLE = Automatic;
				DEVELOPMENT_TEAM = 3YGACN3ADP;
				INFOPLIST_FILE = Stocks/Info.plist;
				IPHONEOS_DEPLOYMENT_TARGET = 14.0;
				LD_RUNPATH_SEARCH_PATHS = (
					"$(inherited)",
					"@executable_path/Frameworks",
				);
				PRODUCT_BUNDLE_IDENTIFIER = "sanderos2008-yandex.ru.Stocks";
				PRODUCT_NAME = "$(TARGET_NAME)";
				SWIFT_VERSION = 5.0;
				TARGETED_DEVICE_FAMILY = "1,2";
			};
			name = Debug;
		};
		63C0F66E25C6101A00AECC1B /* Release */ = {
			isa = XCBuildConfiguration;
			buildSettings = {
				ASSETCATALOG_COMPILER_APPICON_NAME = AppIcon;
				ASSETCATALOG_COMPILER_GLOBAL_ACCENT_COLOR_NAME = AccentColor;
				CODE_SIGN_STYLE = Automatic;
				DEVELOPMENT_TEAM = 3YGACN3ADP;
				INFOPLIST_FILE = Stocks/Info.plist;
				IPHONEOS_DEPLOYMENT_TARGET = 14.0;
				LD_RUNPATH_SEARCH_PATHS = (
					"$(inherited)",
					"@executable_path/Frameworks",
				);
				PRODUCT_BUNDLE_IDENTIFIER = "sanderos2008-yandex.ru.Stocks";
				PRODUCT_NAME = "$(TARGET_NAME)";
				SWIFT_VERSION = 5.0;
				TARGETED_DEVICE_FAMILY = "1,2";
			};
			name = Release;
		};
/* End XCBuildConfiguration section */

/* Begin XCConfigurationList section */
		63C0F65325C6101900AECC1B /* Build configuration list for PBXProject "Stocks" */ = {
			isa = XCConfigurationList;
			buildConfigurations = (
				63C0F66A25C6101A00AECC1B /* Debug */,
				63C0F66B25C6101A00AECC1B /* Release */,
			);
			defaultConfigurationIsVisible = 0;
			defaultConfigurationName = Release;
		};
		63C0F66C25C6101A00AECC1B /* Build configuration list for PBXNativeTarget "Stocks" */ = {
			isa = XCConfigurationList;
			buildConfigurations = (
				63C0F66D25C6101A00AECC1B /* Debug */,
				63C0F66E25C6101A00AECC1B /* Release */,
			);
			defaultConfigurationIsVisible = 0;
			defaultConfigurationName = Release;
		};
/* End XCConfigurationList section */
	};
	rootObject = 63C0F65025C6101900AECC1B /* Project object */;
}
